
Microsoft Visual Studio Solution File, Format Version 12.00
# Visual Studio Version 17
VisualStudioVersion = 17.3.32825.248
MinimumVisualStudioVersion = 10.0.40219.1
Project("{FAE04EC0-301F-11D3-BF4B-00C04F79EFBC}") = "SocialNetwork", "SocialNetwork\SocialNetwork.csproj", "{89A44076-5165-4B1E-90AC-7FEF361A88BA}"
EndProject
Global
	GlobalSection(SolutionConfigurationPlatforms) = preSolution
		Debug|Any CPU = Debug|Any CPU
		Release|Any CPU = Release|Any CPU
	EndGlobalSection
	GlobalSection(ProjectConfigurationPlatforms) = postSolution
		{89A44076-5165-4B1E-90AC-7FEF361A88BA}.Debug|Any CPU.ActiveCfg = Debug|Any CPU
		{89A44076-5165-4B1E-90AC-7FEF361A88BA}.Debug|Any CPU.Build.0 = Debug|Any CPU
		{89A44076-5165-4B1E-90AC-7FEF361A88BA}.Release|Any CPU.ActiveCfg = Release|Any CPU
		{89A44076-5165-4B1E-90AC-7FEF361A88BA}.Release|Any CPU.Build.0 = Release|Any CPU
	EndGlobalSection
	GlobalSection(SolutionProperties) = preSolution
		HideSolutionNode = FALSE
	EndGlobalSection
	GlobalSection(ExtensibilityGlobals) = postSolution
		SolutionGuid = {367749A7-6ED1-4087-982E-E0A60A52C40D}
	EndGlobalSection
EndGlobal
